
Microsoft Visual Studio Solution File, Format Version 12.00
# Visual Studio Version 17
VisualStudioVersion = 17.13.35913.81 d17.13
MinimumVisualStudioVersion = 10.0.40219.1
Project("{FAE04EC0-301F-11D3-BF4B-00C04F79EFBC}") = "WindowsFormsApp6", "WindowsFormsApp6\WindowsFormsApp6.csproj", "{CEC8EB0C-418A-42A5-91A7-FA4C7CEC7387}"
EndProject
Global
	GlobalSection(SolutionConfigurationPlatforms) = preSolution
		Debug|Any CPU = Debug|Any CPU
		Release|Any CPU = Release|Any CPU
	EndGlobalSection
	GlobalSection(ProjectConfigurationPlatforms) = postSolution
		{CEC8EB0C-418A-42A5-91A7-FA4C7CEC7387}.Debug|Any CPU.ActiveCfg = Debug|Any CPU
		{CEC8EB0C-418A-42A5-91A7-FA4C7CEC7387}.Debug|Any CPU.Build.0 = Debug|Any CPU
		{CEC8EB0C-418A-42A5-91A7-FA4C7CEC7387}.Release|Any CPU.ActiveCfg = Release|Any CPU
		{CEC8EB0C-418A-42A5-91A7-FA4C7CEC7387}.Release|Any CPU.Build.0 = Release|Any CPU
	EndGlobalSection
	GlobalSection(SolutionProperties) = preSolution
		HideSolutionNode = FALSE
	EndGlobalSection
	GlobalSection(ExtensibilityGlobals) = postSolution
		SolutionGuid = {20EFE4C0-47D5-4254-9210-E79C2CE384CB}
	EndGlobalSection
EndGlobal
